// !$*UTF8*$!
{
	archiveVersion = 1;
	classes = {
	};
	objectVersion = 46;
	objects = {

/* Begin PBXBuildFile section */
		F57D660C1ECEAD9300C35F3C /* AppDelegate.swift in Sources */ = {isa = PBXBuildFile; fileRef = F57D660B1ECEAD9300C35F3C /* AppDelegate.swift */; };
		F57D660E1ECEAD9300C35F3C /* ViewController.swift in Sources */ = {isa = PBXBuildFile; fileRef = F57D660D1ECEAD9300C35F3C /* ViewController.swift */; };
		F57D66111ECEAD9300C35F3C /* Main.storyboard in Resources */ = {isa = PBXBuildFile; fileRef = F57D660F1ECEAD9300C35F3C /* Main.storyboard */; };
		F57D66131ECEAD9300C35F3C /* Assets.xcassets in Resources */ = {isa = PBXBuildFile; fileRef = F57D66121ECEAD9300C35F3C /* Assets.xcassets */; };
		F57D66161ECEAD9300C35F3C /* LaunchScreen.storyboard in Resources */ = {isa = PBXBuildFile; fileRef = F57D66141ECEAD9300C35F3C /* LaunchScreen.storyboard */; };
		F57D66211ECEAD9300C35F3C /* FoodTrackerTests.swift in Sources */ = {isa = PBXBuildFile; fileRef = F57D66201ECEAD9300C35F3C /* FoodTrackerTests.swift */; };
/* End PBXBuildFile section */

/* Begin PBXContainerItemProxy section */
		F57D661D1ECEAD9300C35F3C /* PBXContainerItemProxy */ = {
			isa = PBXContainerItemProxy;
			containerPortal = F57D66001ECEAD9300C35F3C /* Project object */;
			proxyType = 1;
			remoteGlobalIDString = F57D66071ECEAD9300C35F3C;
			remoteInfo = FoodTracker;
		};
/* End PBXContainerItemProxy section */

/* Begin PBXFileReference section */
		F57D66081ECEAD9300C35F3C /* FoodTracker.app */ = {isa = PBXFileReference; explicitFileType = wrapper.application; includeInIndex = 0; path = FoodTracker.app; sourceTree = BUILT_PRODUCTS_DIR; };
		F57D660B1ECEAD9300C35F3C /* AppDelegate.swift */ = {isa = PBXFileReference; lastKnownFileType = sourcecode.swift; path = AppDelegate.swift; sourceTree = "<group>"; };
		F57D660D1ECEAD9300C35F3C /* ViewController.swift */ = {isa = PBXFileReference; lastKnownFileType = sourcecode.swift; path = ViewController.swift; sourceTree = "<group>"; };
		F57D66101ECEAD9300C35F3C /* Base */ = {isa = PBXFileReference; lastKnownFileType = file.storyboard; name = Base; path = Base.lproj/Main.storyboard; sourceTree = "<group>"; };
		F57D66121ECEAD9300C35F3C /* Assets.xcassets */ = {isa = PBXFileReference; lastKnownFileType = folder.assetcatalog; path = Assets.xcassets; sourceTree = "<group>"; };
		F57D66151ECEAD9300C35F3C /* Base */ = {isa = PBXFileReference; lastKnownFileType = file.storyboard; name = Base; path = Base.lproj/LaunchScreen.storyboard; sourceTree = "<group>"; };
		F57D66171ECEAD9300C35F3C /* Info.plist */ = {isa = PBXFileReference; lastKnownFileType = text.plist.xml; path = Info.plist; sourceTree = "<group>"; };
		F57D661C1ECEAD9300C35F3C /* FoodTrackerTests.xctest */ = {isa = PBXFileReference; explicitFileType = wrapper.cfbundle; includeInIndex = 0; path = FoodTrackerTests.xctest; sourceTree = BUILT_PRODUCTS_DIR; };
		F57D66201ECEAD9300C35F3C /* FoodTrackerTests.swift */ = {isa = PBXFileReference; lastKnownFileType = sourcecode.swift; path = FoodTrackerTests.swift; sourceTree = "<group>"; };
		F57D66221ECEAD9300C35F3C /* Info.plist */ = {isa = PBXFileReference; lastKnownFileType = text.plist.xml; path = Info.plist; sourceTree = "<group>"; };
/* End PBXFileReference section */

/* Begin PBXFrameworksBuildPhase section */
		F57D66051ECEAD9300C35F3C /* Frameworks */ = {
			isa = PBXFrameworksBuildPhase;
			buildActionMask = 2147483647;
			files = (
			);
			runOnlyForDeploymentPostprocessing = 0;
		};
		F57D66191ECEAD9300C35F3C /* Frameworks */ = {
			isa = PBXFrameworksBuildPhase;
			buildActionMask = 2147483647;
			files = (
			);
			runOnlyForDeploymentPostprocessing = 0;
		};
/* End PBXFrameworksBuildPhase section */

/* Begin PBXGroup section */
		F57D65FF1ECEAD9300C35F3C = {
			isa = PBXGroup;
			children = (
				F57D660A1ECEAD9300C35F3C /* FoodTracker */,
				F57D661F1ECEAD9300C35F3C /* FoodTrackerTests */,
				F57D66091ECEAD9300C35F3C /* Products */,
			);
			sourceTree = "<group>";
		};
		F57D66091ECEAD9300C35F3C /* Products */ = {
			isa = PBXGroup;
			children = (
				F57D66081ECEAD9300C35F3C /* FoodTracker.app */,
				F57D661C1ECEAD9300C35F3C /* FoodTrackerTests.xctest */,
			);
			name = Products;
			sourceTree = "<group>";
		};
		F57D660A1ECEAD9300C35F3C /* FoodTracker */ = {
			isa = PBXGroup;
			children = (
				F57D660B1ECEAD9300C35F3C /* AppDelegate.swift */,
				F57D660D1ECEAD9300C35F3C /* ViewController.swift */,
				F57D660F1ECEAD9300C35F3C /* Main.storyboard */,
				F57D66121ECEAD9300C35F3C /* Assets.xcassets */,
				F57D66141ECEAD9300C35F3C /* LaunchScreen.storyboard */,
				F57D66171ECEAD9300C35F3C /* Info.plist */,
			);
			path = FoodTracker;
			sourceTree = "<group>";
		};
		F57D661F1ECEAD9300C35F3C /* FoodTrackerTests */ = {
			isa = PBXGroup;
			children = (
				F57D66201ECEAD9300C35F3C /* FoodTrackerTests.swift */,
				F57D66221ECEAD9300C35F3C /* Info.plist */,
			);
			path = FoodTrackerTests;
			sourceTree = "<group>";
		};
/* End PBXGroup section */

/* Begin PBXNativeTarget section */
		F57D66071ECEAD9300C35F3C /* FoodTracker */ = {
			isa = PBXNativeTarget;
			buildConfigurationList = F57D66251ECEAD9300C35F3C /* Build configuration list for PBXNativeTarget "FoodTracker" */;
			buildPhases = (
				F57D66041ECEAD9300C35F3C /* Sources */,
				F57D66051ECEAD9300C35F3C /* Frameworks */,
				F57D66061ECEAD9300C35F3C /* Resources */,
			);
			buildRules = (
			);
			dependencies = (
			);
			name = FoodTracker;
			productName = FoodTracker;
			productReference = F57D66081ECEAD9300C35F3C /* FoodTracker.app */;
			productType = "com.apple.product-type.application";
		};
		F57D661B1ECEAD9300C35F3C /* FoodTrackerTests */ = {
			isa = PBXNativeTarget;
			buildConfigurationList = F57D66281ECEAD9300C35F3C /* Build configuration list for PBXNativeTarget "FoodTrackerTests" */;
			buildPhases = (
				F57D66181ECEAD9300C35F3C /* Sources */,
				F57D66191ECEAD9300C35F3C /* Frameworks */,
				F57D661A1ECEAD9300C35F3C /* Resources */,
			);
			buildRules = (
			);
			dependencies = (
				F57D661E1ECEAD9300C35F3C /* PBXTargetDependency */,
			);
			name = FoodTrackerTests;
			productName = FoodTrackerTests;
			productReference = F57D661C1ECEAD9300C35F3C /* FoodTrackerTests.xctest */;
			productType = "com.apple.product-type.bundle.unit-test";
		};
/* End PBXNativeTarget section */

/* Begin PBXProject section */
		F57D66001ECEAD9300C35F3C /* Project object */ = {
			isa = PBXProject;
			attributes = {
				LastSwiftUpdateCheck = 0830;
				LastUpgradeCheck = 0830;
				ORGANIZATIONNAME = dhaya;
				TargetAttributes = {
					F57D66071ECEAD9300C35F3C = {
						CreatedOnToolsVersion = 8.3.2;
						DevelopmentTeam = L5TGCNWYET;
						ProvisioningStyle = Automatic;
					};
					F57D661B1ECEAD9300C35F3C = {
						CreatedOnToolsVersion = 8.3.2;
						DevelopmentTeam = L5TGCNWYET;
						ProvisioningStyle = Automatic;
						TestTargetID = F57D66071ECEAD9300C35F3C;
					};
				};
			};
			buildConfigurationList = F57D66031ECEAD9300C35F3C /* Build configuration list for PBXProject "FoodTracker" */;
			compatibilityVersion = "Xcode 3.2";
			developmentRegion = English;
			hasScannedForEncodings = 0;
			knownRegions = (
				en,
				Base,
			);
			mainGroup = F57D65FF1ECEAD9300C35F3C;
			productRefGroup = F57D66091ECEAD9300C35F3C /* Products */;
			projectDirPath = "";
			projectRoot = "";
			targets = (
				F57D66071ECEAD9300C35F3C /* FoodTracker */,
				F57D661B1ECEAD9300C35F3C /* FoodTrackerTests */,
			);
		};
/* End PBXProject section */

/* Begin PBXResourcesBuildPhase section */
		F57D66061ECEAD9300C35F3C /* Resources */ = {
			isa = PBXResourcesBuildPhase;
			buildActionMask = 2147483647;
			files = (
				F57D66161ECEAD9300C35F3C /* LaunchScreen.storyboard in Resources */,
				F57D66131ECEAD9300C35F3C /* Assets.xcassets in Resources */,
				F57D66111ECEAD9300C35F3C /* Main.storyboard in Resources */,
			);
			runOnlyForDeploymentPostprocessing = 0;
		};
		F57D661A1ECEAD9300C35F3C /* Resources */ = {
			isa = PBXResourcesBuildPhase;
			buildActionMask = 2147483647;
			files = (
			);
			runOnlyForDeploymentPostprocessing = 0;
		};
/* End PBXResourcesBuildPhase section */

/* Begin PBXSourcesBuildPhase section */
		F57D66041ECEAD9300C35F3C /* Sources */ = {
			isa = PBXSourcesBuildPhase;
			buildActionMask = 2147483647;
			files = (
				F57D660E1ECEAD9300C35F3C /* ViewController.swift in Sources */,
				F57D660C1ECEAD9300C35F3C /* AppDelegate.swift in Sources */,
			);
			runOnlyForDeploymentPostprocessing = 0;
		};
		F57D66181ECEAD9300C35F3C /* Sources */ = {
			isa = PBXSourcesBuildPhase;
			buildActionMask = 2147483647;
			files = (
				F57D66211ECEAD9300C35F3C /* FoodTrackerTests.swift in Sources */,
			);
			runOnlyForDeploymentPostprocessing = 0;
		};
/* End PBXSourcesBuildPhase section */

/* Begin PBXTargetDependency section */
		F57D661E1ECEAD9300C35F3C /* PBXTargetDependency */ = {
			isa = PBXTargetDependency;
			target = F57D66071ECEAD9300C35F3C /* FoodTracker */;
			targetProxy = F57D661D1ECEAD9300C35F3C /* PBXContainerItemProxy */;
		};
/* End PBXTargetDependency section */

/* Begin PBXVariantGroup section */
		F57D660F1ECEAD9300C35F3C /* Main.storyboard */ = {
			isa = PBXVariantGroup;
			children = (
				F57D66101ECEAD9300C35F3C /* Base */,
			);
			name = Main.storyboard;
			sourceTree = "<group>";
		};
		F57D66141ECEAD9300C35F3C /* LaunchScreen.storyboard */ = {
			isa = PBXVariantGroup;
			children = (
				F57D66151ECEAD9300C35F3C /* Base */,
			);
			name = LaunchScreen.storyboard;
			sourceTree = "<group>";
		};
/* End PBXVariantGroup section */

/* Begin XCBuildConfiguration section */
		F57D66231ECEAD9300C35F3C /* Debug */ = {
			isa = XCBuildConfiguration;
			buildSettings = {
				ALWAYS_SEARCH_USER_PATHS = NO;
				CLANG_ANALYZER_NONNULL = YES;
				CLANG_ANALYZER_NUMBER_OBJECT_CONVERSION = YES_AGGRESSIVE;
				CLANG_CXX_LANGUAGE_STANDARD = "gnu++0x";
				CLANG_CXX_LIBRARY = "libc++";
				CLANG_ENABLE_MODULES = YES;
				CLANG_ENABLE_OBJC_ARC = YES;
				CLANG_WARN_BOOL_CONVERSION = YES;
				CLANG_WARN_CONSTANT_CONVERSION = YES;
				CLANG_WARN_DIRECT_OBJC_ISA_USAGE = YES_ERROR;
				CLANG_WARN_DOCUMENTATION_COMMENTS = YES;
				CLANG_WARN_EMPTY_BODY = YES;
				CLANG_WARN_ENUM_CONVERSION = YES;
				CLANG_WARN_INFINITE_RECURSION = YES;
				CLANG_WARN_INT_CONVERSION = YES;
				CLANG_WARN_OBJC_ROOT_CLASS = YES_ERROR;
				CLANG_WARN_SUSPICIOUS_MOVE = YES;
				CLANG_WARN_UNREACHABLE_CODE = YES;
				CLANG_WARN__DUPLICATE_METHOD_MATCH = YES;
				"CODE_SIGN_IDENTITY[sdk=iphoneos*]" = "iPhone Developer";
				COPY_PHASE_STRIP = NO;
				DEBUG_INFORMATION_FORMAT = dwarf;
				ENABLE_STRICT_OBJC_MSGSEND = YES;
				ENABLE_TESTABILITY = YES;
				GCC_C_LANGUAGE_STANDARD = gnu99;
				GCC_DYNAMIC_NO_PIC = NO;
				GCC_NO_COMMON_BLOCKS = YES;
				GCC_OPTIMIZATION_LEVEL = 0;
				GCC_PREPROCESSOR_DEFINITIONS = (
					"DEBUG=1",
					"$(inherited)",
				);
				GCC_WARN_64_TO_32_BIT_CONVERSION = YES;
				GCC_WARN_ABOUT_RETURN_TYPE = YES_ERROR;
				GCC_WARN_UNDECLARED_SELECTOR = YES;
				GCC_WARN_UNINITIALIZED_AUTOS = YES_AGGRESSIVE;
				GCC_WARN_UNUSED_FUNCTION = YES;
				GCC_WARN_UNUSED_VARIABLE = YES;
				IPHONEOS_DEPLOYMENT_TARGET = 10.3;
				MTL_ENABLE_DEBUG_INFO = YES;
				ONLY_ACTIVE_ARCH = YES;
				SDKROOT = iphoneos;
				SWIFT_ACTIVE_COMPILATION_CONDITIONS = DEBUG;
				SWIFT_OPTIMIZATION_LEVEL = "-Onone";
				TARGETED_DEVICE_FAMILY = "1,2";
			};
			name = Debug;
		};
		F57D66241ECEAD9300C35F3C /* Release */ = {
			isa = XCBuildConfiguration;
			buildSettings = {
				ALWAYS_SEARCH_USER_PATHS = NO;
				CLANG_ANALYZER_NONNULL = YES;
				CLANG_ANALYZER_NUMBER_OBJECT_CONVERSION = YES_AGGRESSIVE;
				CLANG_CXX_LANGUAGE_STANDARD = "gnu++0x";
				CLANG_CXX_LIBRARY = "libc++";
				CLANG_ENABLE_MODULES = YES;
				CLANG_ENABLE_OBJC_ARC = YES;
				CLANG_WARN_BOOL_CONVERSION = YES;
				CLANG_WARN_CONSTANT_CONVERSION = YES;
				CLANG_WARN_DIRECT_OBJC_ISA_USAGE = YES_ERROR;
				CLANG_WARN_DOCUMENTATION_COMMENTS = YES;
				CLANG_WARN_EMPTY_BODY = YES;
				CLANG_WARN_ENUM_CONVERSION = YES;
				CLANG_WARN_INFINITE_RECURSION = YES;
				CLANG_WARN_INT_CONVERSION = YES;
				CLANG_WARN_OBJC_ROOT_CLASS = YES_ERROR;
				CLANG_WARN_SUSPICIOUS_MOVE = YES;
				CLANG_WARN_UNREACHABLE_CODE = YES;
				CLANG_WARN__DUPLICATE_METHOD_MATCH = YES;
				"CODE_SIGN_IDENTITY[sdk=iphoneos*]" = "iPhone Developer";
				COPY_PHASE_STRIP = NO;
				DEBUG_INFORMATION_FORMAT = "dwarf-with-dsym";
				ENABLE_NS_ASSERTIONS = NO;
				ENABLE_STRICT_OBJC_MSGSEND = YES;
				GCC_C_LANGUAGE_STANDARD = gnu99;
				GCC_NO_COMMON_BLOCKS = YES;
				GCC_WARN_64_TO_32_BIT_CONVERSION = YES;
				GCC_WARN_ABOUT_RETURN_TYPE = YES_ERROR;
				GCC_WARN_UNDECLARED_SELECTOR = YES;
				GCC_WARN_UNINITIALIZED_AUTOS = YES_AGGRESSIVE;
				GCC_WARN_UNUSED_FUNCTION = YES;
				GCC_WARN_UNUSED_VARIABLE = YES;
				IPHONEOS_DEPLOYMENT_TARGET = 10.3;
				MTL_ENABLE_DEBUG_INFO = NO;
				SDKROOT = iphoneos;
				SWIFT_OPTIMIZATION_LEVEL = "-Owholemodule";
				TARGETED_DEVICE_FAMILY = "1,2";
				VALIDATE_PRODUCT = YES;
			};
			name = Release;
		};
		F57D66261ECEAD9300C35F3C /* Debug */ = {
			isa = XCBuildConfiguration;
			buildSettings = {
				ASSETCATALOG_COMPILER_APPICON_NAME = AppIcon;
				DEVELOPMENT_TEAM = L5TGCNWYET;
				INFOPLIST_FILE = FoodTracker/Info.plist;
				LD_RUNPATH_SEARCH_PATHS = "$(inherited) @executable_path/Frameworks";
				PRODUCT_BUNDLE_IDENTIFIER = com.dhaya.FoodTracker;
				PRODUCT_NAME = "$(TARGET_NAME)";
				SWIFT_VERSION = 3.0;
			};
			name = Debug;
		};
		F57D66271ECEAD9300C35F3C /* Release */ = {
			isa = XCBuildConfiguration;
			buildSettings = {
				ASSETCATALOG_COMPILER_APPICON_NAME = AppIcon;
				DEVELOPMENT_TEAM = L5TGCNWYET;
				INFOPLIST_FILE = FoodTracker/Info.plist;
				LD_RUNPATH_SEARCH_PATHS = "$(inherited) @executable_path/Frameworks";
				PRODUCT_BUNDLE_IDENTIFIER = com.dhaya.FoodTracker;
				PRODUCT_NAME = "$(TARGET_NAME)";
				SWIFT_VERSION = 3.0;
			};
			name = Release;
		};
		F57D66291ECEAD9300C35F3C /* Debug */ = {
			isa = XCBuildConfiguration;
			buildSettings = {
				ALWAYS_EMBED_SWIFT_STANDARD_LIBRARIES = YES;
				BUNDLE_LOADER = "$(TEST_HOST)";
				DEVELOPMENT_TEAM = L5TGCNWYET;
				INFOPLIST_FILE = FoodTrackerTests/Info.plist;
				LD_RUNPATH_SEARCH_PATHS = "$(inherited) @executable_path/Frameworks @loader_path/Frameworks";
				PRODUCT_BUNDLE_IDENTIFIER = com.dhaya.FoodTrackerTests;
				PRODUCT_NAME = "$(TARGET_NAME)";
				SWIFT_VERSION = 3.0;
				TEST_HOST = "$(BUILT_PRODUCTS_DIR)/FoodTracker.app/FoodTracker";
			};
			name = Debug;
		};
		F57D662A1ECEAD9300C35F3C /* Release */ = {
			isa = XCBuildConfiguration;
			buildSettings = {
				ALWAYS_EMBED_SWIFT_STANDARD_LIBRARIES = YES;
				BUNDLE_LOADER = "$(TEST_HOST)";
				DEVELOPMENT_TEAM = L5TGCNWYET;
				INFOPLIST_FILE = FoodTrackerTests/Info.plist;
				LD_RUNPATH_SEARCH_PATHS = "$(inherited) @executable_path/Frameworks @loader_path/Frameworks";
				PRODUCT_BUNDLE_IDENTIFIER = com.dhaya.FoodTrackerTests;
				PRODUCT_NAME = "$(TARGET_NAME)";
				SWIFT_VERSION = 3.0;
				TEST_HOST = "$(BUILT_PRODUCTS_DIR)/FoodTracker.app/FoodTracker";
			};
			name = Release;
		};
/* End XCBuildConfiguration section */

/* Begin XCConfigurationList section */
		F57D66031ECEAD9300C35F3C /* Build configuration list for PBXProject "FoodTracker" */ = {
			isa = XCConfigurationList;
			buildConfigurations = (
				F57D66231ECEAD9300C35F3C /* Debug */,
				F57D66241ECEAD9300C35F3C /* Release */,
			);
			defaultConfigurationIsVisible = 0;
			defaultConfigurationName = Release;
		};
		F57D66251ECEAD9300C35F3C /* Build configuration list for PBXNativeTarget "FoodTracker" */ = {
			isa = XCConfigurationList;
			buildConfigurations = (
				F57D66261ECEAD9300C35F3C /* Debug */,
				F57D66271ECEAD9300C35F3C /* Release */,
			);
			defaultConfigurationIsVisible = 0;
		};
		F57D66281ECEAD9300C35F3C /* Build configuration list for PBXNativeTarget "FoodTrackerTests" */ = {
			isa = XCConfigurationList;
			buildConfigurations = (
				F57D66291ECEAD9300C35F3C /* Debug */,
				F57D662A1ECEAD9300C35F3C /* Release */,
			);
			defaultConfigurationIsVisible = 0;
		};
/* End XCConfigurationList section */
	};
	rootObject = F57D66001ECEAD9300C35F3C /* Project object */;
}
